
Microsoft Visual Studio Solution File, Format Version 12.00
# Visual Studio Version 17
VisualStudioVersion = 17.9.34701.34
MinimumVisualStudioVersion = 10.0.40219.1
Project("{FAE04EC0-301F-11D3-BF4B-00C04F79EFBC}") = "CRM", "CRM\CRM.csproj", "{B210E2C3-D61A-4319-B57D-7EBAE363BAB2}"
EndProject
Global
	GlobalSection(SolutionConfigurationPlatforms) = preSolution
		Debug|Any CPU = Debug|Any CPU
		Release|Any CPU = Release|Any CPU
	EndGlobalSection
	GlobalSection(ProjectConfigurationPlatforms) = postSolution
		{B210E2C3-D61A-4319-B57D-7EBAE363BAB2}.Debug|Any CPU.ActiveCfg = Debug|Any CPU
		{B210E2C3-D61A-4319-B57D-7EBAE363BAB2}.Debug|Any CPU.Build.0 = Debug|Any CPU
		{B210E2C3-D61A-4319-B57D-7EBAE363BAB2}.Release|Any CPU.ActiveCfg = Release|Any CPU
		{B210E2C3-D61A-4319-B57D-7EBAE363BAB2}.Release|Any CPU.Build.0 = Release|Any CPU
	EndGlobalSection
	GlobalSection(SolutionProperties) = preSolution
		HideSolutionNode = FALSE
	EndGlobalSection
	GlobalSection(ExtensibilityGlobals) = postSolution
		SolutionGuid = {446F01DE-D173-4F49-91F8-F70513BC3271}
	EndGlobalSection
EndGlobal
